
Microsoft Visual Studio Solution File, Format Version 12.00
# Visual Studio Version 17
VisualStudioVersion = 17.3.32901.215
MinimumVisualStudioVersion = 10.0.40219.1
Project("{FAE04EC0-301F-11D3-BF4B-00C04F79EFBC}") = "KopalniaSobota", "KopalniaSobota\KopalniaSobota.csproj", "{228C9D5D-DCC6-4202-BDAD-82C30B09A768}"
EndProject
Global
	GlobalSection(SolutionConfigurationPlatforms) = preSolution
		Debug|Any CPU = Debug|Any CPU
		Release|Any CPU = Release|Any CPU
	EndGlobalSection
	GlobalSection(ProjectConfigurationPlatforms) = postSolution
		{228C9D5D-DCC6-4202-BDAD-82C30B09A768}.Debug|Any CPU.ActiveCfg = Debug|Any CPU
		{228C9D5D-DCC6-4202-BDAD-82C30B09A768}.Debug|Any CPU.Build.0 = Debug|Any CPU
		{228C9D5D-DCC6-4202-BDAD-82C30B09A768}.Release|Any CPU.ActiveCfg = Release|Any CPU
		{228C9D5D-DCC6-4202-BDAD-82C30B09A768}.Release|Any CPU.Build.0 = Release|Any CPU
	EndGlobalSection
	GlobalSection(SolutionProperties) = preSolution
		HideSolutionNode = FALSE
	EndGlobalSection
	GlobalSection(ExtensibilityGlobals) = postSolution
		SolutionGuid = {DECD9263-5C80-4535-B079-A2ACCE085DD6}
	EndGlobalSection
EndGlobal
